
Microsoft Visual Studio Solution File, Format Version 12.00
# Visual Studio Version 17
VisualStudioVersion = 17.10.35004.147
MinimumVisualStudioVersion = 10.0.40219.1
Project("{9A19103F-16F7-4668-BE54-9A1E7A4F7556}") = "HamroFashion.Api", "HamroFashion.Api\HamroFashion.Api.csproj", "{B2C12121-E228-496D-A6C0-485E3DF004A0}"
EndProject
Project("{9A19103F-16F7-4668-BE54-9A1E7A4F7556}") = "HamroFashion.Tests", "HamroFashion.Tests\HamroFashion.Tests.csproj", "{AC11A2AB-3AC2-4F44-A530-F58C567511F4}"
EndProject
Project("{54A90642-561A-4BB1-A94E-469ADEE60C69}") = "hamrofashion.web", "HamroFashion.Web\hamrofashion.web.esproj", "{287E4023-9792-4E42-AA85-81C361D176B5}"
EndProject
Global
	GlobalSection(SolutionConfigurationPlatforms) = preSolution
		Debug|Any CPU = Debug|Any CPU
		Release|Any CPU = Release|Any CPU
	EndGlobalSection
	GlobalSection(ProjectConfigurationPlatforms) = postSolution
		{B2C12121-E228-496D-A6C0-485E3DF004A0}.Debug|Any CPU.ActiveCfg = Debug|Any CPU
		{B2C12121-E228-496D-A6C0-485E3DF004A0}.Debug|Any CPU.Build.0 = Debug|Any CPU
		{B2C12121-E228-496D-A6C0-485E3DF004A0}.Release|Any CPU.ActiveCfg = Release|Any CPU
		{B2C12121-E228-496D-A6C0-485E3DF004A0}.Release|Any CPU.Build.0 = Release|Any CPU
		{AC11A2AB-3AC2-4F44-A530-F58C567511F4}.Debug|Any CPU.ActiveCfg = Debug|Any CPU
		{AC11A2AB-3AC2-4F44-A530-F58C567511F4}.Debug|Any CPU.Build.0 = Debug|Any CPU
		{AC11A2AB-3AC2-4F44-A530-F58C567511F4}.Release|Any CPU.ActiveCfg = Release|Any CPU
		{AC11A2AB-3AC2-4F44-A530-F58C567511F4}.Release|Any CPU.Build.0 = Release|Any CPU
		{287E4023-9792-4E42-AA85-81C361D176B5}.Debug|Any CPU.ActiveCfg = Debug|Any CPU
		{287E4023-9792-4E42-AA85-81C361D176B5}.Debug|Any CPU.Build.0 = Debug|Any CPU
		{287E4023-9792-4E42-AA85-81C361D176B5}.Debug|Any CPU.Deploy.0 = Debug|Any CPU
		{287E4023-9792-4E42-AA85-81C361D176B5}.Release|Any CPU.ActiveCfg = Release|Any CPU
		{287E4023-9792-4E42-AA85-81C361D176B5}.Release|Any CPU.Build.0 = Release|Any CPU
		{287E4023-9792-4E42-AA85-81C361D176B5}.Release|Any CPU.Deploy.0 = Release|Any CPU
	EndGlobalSection
	GlobalSection(SolutionProperties) = preSolution
		HideSolutionNode = FALSE
	EndGlobalSection
	GlobalSection(ExtensibilityGlobals) = postSolution
		SolutionGuid = {A448B538-7DCD-457C-8ADB-2C7F69406FD0}
	EndGlobalSection
EndGlobal
